
Microsoft Visual Studio Solution File, Format Version 12.00
# Visual Studio Version 16
VisualStudioVersion = 16.0.29418.71
MinimumVisualStudioVersion = 10.0.40219.1
Project("{FAE04EC0-301F-11D3-BF4B-00C04F79EFBC}") = "Stockage_Api_WPF_Dotnet", "Stockage_Api_WPF_Dotnet\Stockage_Api_WPF_Dotnet.csproj", "{154B7C18-B94C-4EB0-A671-36596B94F8C1}"
EndProject
Project("{FAE04EC0-301F-11D3-BF4B-00C04F79EFBC}") = "StockageApi", "StockageApi\StockageApi.csproj", "{08356393-AE2D-4335-AB66-C30A44AE6EAD}"
EndProject
Global
	GlobalSection(SolutionConfigurationPlatforms) = preSolution
		Debug|Any CPU = Debug|Any CPU
		Release|Any CPU = Release|Any CPU
	EndGlobalSection
	GlobalSection(ProjectConfigurationPlatforms) = postSolution
		{154B7C18-B94C-4EB0-A671-36596B94F8C1}.Debug|Any CPU.ActiveCfg = Debug|Any CPU
		{154B7C18-B94C-4EB0-A671-36596B94F8C1}.Debug|Any CPU.Build.0 = Debug|Any CPU
		{154B7C18-B94C-4EB0-A671-36596B94F8C1}.Release|Any CPU.ActiveCfg = Release|Any CPU
		{154B7C18-B94C-4EB0-A671-36596B94F8C1}.Release|Any CPU.Build.0 = Release|Any CPU
		{08356393-AE2D-4335-AB66-C30A44AE6EAD}.Debug|Any CPU.ActiveCfg = Debug|Any CPU
		{08356393-AE2D-4335-AB66-C30A44AE6EAD}.Debug|Any CPU.Build.0 = Debug|Any CPU
		{08356393-AE2D-4335-AB66-C30A44AE6EAD}.Release|Any CPU.ActiveCfg = Release|Any CPU
		{08356393-AE2D-4335-AB66-C30A44AE6EAD}.Release|Any CPU.Build.0 = Release|Any CPU
	EndGlobalSection
	GlobalSection(SolutionProperties) = preSolution
		HideSolutionNode = FALSE
	EndGlobalSection
	GlobalSection(ExtensibilityGlobals) = postSolution
		SolutionGuid = {F64F4C41-CD39-43FC-BEAD-4F0EF8552221}
	EndGlobalSection
EndGlobal
